
Microsoft Visual Studio Solution File, Format Version 12.00
# Visual Studio 15
VisualStudioVersion = 15.0.28307.757
MinimumVisualStudioVersion = 10.0.40219.1
Project("{8BC9CEB8-8B4A-11D0-8D11-00A0C91BC942}") = "Functions", "Functions\Functions.vcxproj", "{FD498997-CACE-47D5-9AEC-5C9BB7CF8970}"
EndProject
Project("{8BC9CEB8-8B4A-11D0-8D11-00A0C91BC942}") = "Arrays", "Arrays\Arrays.vcxproj", "{4D7B2348-C688-48EE-AC96-595591F58C1F}"
EndProject
Project("{8BC9CEB8-8B4A-11D0-8D11-00A0C91BC942}") = "Recursion", "Recursion\Recursion.vcxproj", "{4833BE84-A1C6-4057-A108-4F3C3A0A7CBF}"
EndProject
Global
	GlobalSection(SolutionConfigurationPlatforms) = preSolution
		Debug|x64 = Debug|x64
		Debug|x86 = Debug|x86
		Release|x64 = Release|x64
		Release|x86 = Release|x86
	EndGlobalSection
	GlobalSection(ProjectConfigurationPlatforms) = postSolution
		{FD498997-CACE-47D5-9AEC-5C9BB7CF8970}.Debug|x64.ActiveCfg = Debug|x64
		{FD498997-CACE-47D5-9AEC-5C9BB7CF8970}.Debug|x64.Build.0 = Debug|x64
		{FD498997-CACE-47D5-9AEC-5C9BB7CF8970}.Debug|x86.ActiveCfg = Debug|Win32
		{FD498997-CACE-47D5-9AEC-5C9BB7CF8970}.Debug|x86.Build.0 = Debug|Win32
		{FD498997-CACE-47D5-9AEC-5C9BB7CF8970}.Release|x64.ActiveCfg = Release|x64
		{FD498997-CACE-47D5-9AEC-5C9BB7CF8970}.Release|x64.Build.0 = Release|x64
		{FD498997-CACE-47D5-9AEC-5C9BB7CF8970}.Release|x86.ActiveCfg = Release|Win32
		{FD498997-CACE-47D5-9AEC-5C9BB7CF8970}.Release|x86.Build.0 = Release|Win32
		{4D7B2348-C688-48EE-AC96-595591F58C1F}.Debug|x64.ActiveCfg = Debug|x64
		{4D7B2348-C688-48EE-AC96-595591F58C1F}.Debug|x64.Build.0 = Debug|x64
		{4D7B2348-C688-48EE-AC96-595591F58C1F}.Debug|x86.ActiveCfg = Debug|Win32
		{4D7B2348-C688-48EE-AC96-595591F58C1F}.Debug|x86.Build.0 = Debug|Win32
		{4D7B2348-C688-48EE-AC96-595591F58C1F}.Release|x64.ActiveCfg = Release|x64
		{4D7B2348-C688-48EE-AC96-595591F58C1F}.Release|x64.Build.0 = Release|x64
		{4D7B2348-C688-48EE-AC96-595591F58C1F}.Release|x86.ActiveCfg = Release|Win32
		{4D7B2348-C688-48EE-AC96-595591F58C1F}.Release|x86.Build.0 = Release|Win32
		{4833BE84-A1C6-4057-A108-4F3C3A0A7CBF}.Debug|x64.ActiveCfg = Debug|x64
		{4833BE84-A1C6-4057-A108-4F3C3A0A7CBF}.Debug|x64.Build.0 = Debug|x64
		{4833BE84-A1C6-4057-A108-4F3C3A0A7CBF}.Debug|x86.ActiveCfg = Debug|Win32
		{4833BE84-A1C6-4057-A108-4F3C3A0A7CBF}.Debug|x86.Build.0 = Debug|Win32
		{4833BE84-A1C6-4057-A108-4F3C3A0A7CBF}.Release|x64.ActiveCfg = Release|x64
		{4833BE84-A1C6-4057-A108-4F3C3A0A7CBF}.Release|x64.Build.0 = Release|x64
		{4833BE84-A1C6-4057-A108-4F3C3A0A7CBF}.Release|x86.ActiveCfg = Release|Win32
		{4833BE84-A1C6-4057-A108-4F3C3A0A7CBF}.Release|x86.Build.0 = Release|Win32
	EndGlobalSection
	GlobalSection(SolutionProperties) = preSolution
		HideSolutionNode = FALSE
	EndGlobalSection
	GlobalSection(ExtensibilityGlobals) = postSolution
		SolutionGuid = {E806F7AB-0B45-4D38-BE5D-84A000DCA476}
	EndGlobalSection
EndGlobal
